PODS:
  - Flutter (1.0.0)
  - llamadart (0.0.1):
    - Flutter

DEPENDENCIES:
  - Flutter (from `Flutter`)
  - llamadart (from `.symlinks/plugins/llamadart/ios`)

EXTERNAL SOURCES:
  Flutter:
    :path: Flutter
  llamadart:
    :path: ".symlinks/plugins/llamadart/ios"

SPEC CHECKSUMS:
  Flutter: cabc95a1d2626b1b06e7179b784ebcf0c0cde467
  llamadart: 77c3e78aacb5f578fbc9da2c045b8b64d2cf156e

PODFILE CHECKSUM: 034c4fc8390e5898ee08d0027e7e8dea040eaded

COCOAPODS: 1.17.0
